Microsoft Visual Studio Solution File, Format Version 12.00
# Visual Studio Version 17
VisualStudioVersion = 17.11.35327.3
MinimumVisualStudioVersion = 10.0.40219.1
Project("{FAE04EC0-301F-11D3-BF4B-00C04F79EFBC}") = "YuriInstaller", "YuriInstaller\YuriInstaller.csproj", "{9976F46B-3731-4835-8E93-53CBF12BAEEF}"
EndProject
Project("{888888A0-9F3D-457C-B088-3A5042F75D52}") = "InstallerPacker", "InstallerPacker\InstallerPacker.pyproj", "{5A976809-260E-4730-AC99-147CFC9D42FB}"
EndProject
Project("{2150E333-8FDC-42A3-9474-1A3956D46DE8}") = "Solution items", "Solution items", "{CD4BFA83-E976-459A-B155-27777DDC1795}"
	ProjectSection(SolutionItems) = preProject
		.gitattributes = .gitattributes
		.gitignore = .gitignore
		pack.bat = pack.bat
		packages.xsd = packages.xsd
	EndProjectSection
EndProject
Project("{2150E333-8FDC-42A3-9474-1A3956D46DE8}") = "Solution infos", "Solution infos", "{9E74C675-0F8E-498C-BA88-DDD6D85A63C1}"
	ProjectSection(SolutionItems) = preProject
		LICENSE.txt = LICENSE.txt
		README.MD = README.MD
	EndProjectSection
EndProject
Global
	GlobalSection(SolutionConfigurationPlatforms) = preSolution
		Debug|Any CPU = Debug|Any CPU
		Release|Any CPU = Release|Any CPU
	EndGlobalSection
	GlobalSection(ProjectConfigurationPlatforms) = postSolution
		{9976F46B-3731-4835-8E93-53CBF12BAEEF}.Debug|Any CPU.ActiveCfg = Debug|Any CPU
		{9976F46B-3731-4835-8E93-53CBF12BAEEF}.Debug|Any CPU.Build.0 = Debug|Any CPU
		{9976F46B-3731-4835-8E93-53CBF12BAEEF}.Release|Any CPU.ActiveCfg = Release|Any CPU
		{9976F46B-3731-4835-8E93-53CBF12BAEEF}.Release|Any CPU.Build.0 = Release|Any CPU
		{5A976809-260E-4730-AC99-147CFC9D42FB}.Debug|Any CPU.ActiveCfg = Debug|Any CPU
		{5A976809-260E-4730-AC99-147CFC9D42FB}.Release|Any CPU.ActiveCfg = Release|Any CPU
	EndGlobalSection
	GlobalSection(SolutionProperties) = preSolution
		HideSolutionNode = FALSE
	EndGlobalSection
	GlobalSection(ExtensibilityGlobals) = postSolution
		SolutionGuid = {1F49517C-98C3-4EAA-A766-D085E286FE10}
	EndGlobalSection
EndGlobal
